# THIS IS AN AUTOGENERATED FILE. DO NOT EDIT THIS FILE DIRECTLY.
# yarn lockfile v1


"@dojima-wallet/types@^0.0.1-alpha.1":
  version "0.0.1-alpha.1"
  resolved "https://registry.yarnpkg.com/@dojima-wallet/types/-/types-0.0.1-alpha.1.tgz#e6f2cc7a7d762552a7eb5dca245206e27ebc095f"
  integrity sha512-BKYDaM0AGB8/V6ypq8XtNVQczaJpvulozuezeW/K3W8VsE9PAltN4x/h8EVEP4a3q3ykhMErnG8hLFsFv1Btrw==
